
Microsoft Visual Studio Solution File, Format Version 12.00
# Visual Studio 15
VisualStudioVersion = 15.0.28307.1000
MinimumVisualStudioVersion = 10.0.40219.1
Project("{8BC9CEB8-8B4A-11D0-8D11-00A0C91BC942}") = "Client", "Client\Client.vcxproj", "{DF71DB93-69CC-4C86-9C7C-0F46EA6F927C}"
EndProject
Global
	GlobalSection(SolutionConfigurationPlatforms) = preSolution
		Debug|Win32 = Debug|Win32
		Debug|x64 = Debug|x64
		Release|Win32 = Release|Win32
		Release|x64 = Release|x64
	EndGlobalSection
	GlobalSection(ProjectConfigurationPlatforms) = postSolution
		{DF71DB93-69CC-4C86-9C7C-0F46EA6F927C}.Debug|Win32.ActiveCfg = Debug|Win32
		{DF71DB93-69CC-4C86-9C7C-0F46EA6F927C}.Debug|Win32.Build.0 = Debug|Win32
		{DF71DB93-69CC-4C86-9C7C-0F46EA6F927C}.Debug|x64.ActiveCfg = Debug|x64
		{DF71DB93-69CC-4C86-9C7C-0F46EA6F927C}.Debug|x64.Build.0 = Debug|x64
		{DF71DB93-69CC-4C86-9C7C-0F46EA6F927C}.Release|Win32.ActiveCfg = Release|Win32
		{DF71DB93-69CC-4C86-9C7C-0F46EA6F927C}.Release|Win32.Build.0 = Release|Win32
		{DF71DB93-69CC-4C86-9C7C-0F46EA6F927C}.Release|x64.ActiveCfg = Release|x64
		{DF71DB93-69CC-4C86-9C7C-0F46EA6F927C}.Release|x64.Build.0 = Release|x64
	EndGlobalSection
	GlobalSection(SolutionProperties) = preSolution
		HideSolutionNode = FALSE
	EndGlobalSection
	GlobalSection(ExtensibilityGlobals) = postSolution
		SolutionGuid = {F696A2B0-7CE6-4E08-B82E-51A85053D83A}
	EndGlobalSection
EndGlobal
